{
  "version": 4,
  "terraform_version": "1.3.6",
  "serial": 157,
  "lineage": "02b351df-f9b4-c950-05ed-0039f98ecfd8",
  "outputs": {
    "external_ip": {
      "value": "158.160.44.159",
      "type": "string"
    }
  },
  "resources": [
    {
      "mode": "data",
      "type": "yandex_compute_image",
      "name": "container-optimized-image",
      "provider": "provider[\"registry.terraform.io/yandex-cloud/yandex\"]",
      "instances": [
        {
          "schema_version": 0,
          "attributes": {
            "created_at": "2022-02-04T12:30:26Z",
            "description": "Container Optimized Image 2.3.10",
            "family": "container-optimized-image",
            "folder_id": "standard-images",
            "id": "fd80o2eikcn22b229tsa",
            "image_id": "fd80o2eikcn22b229tsa",
            "labels": {},
            "min_disk_size": 30,
            "name": "container-optimized-image-v20220204a",
            "os_type": "linux",
            "pooled": true,
            "product_ids": [
              "f2elf7186figj4p34at5"
            ],
            "size": 6,
            "status": "ready"
          },
          "sensitive_attributes": []
        }
      ]
    },
    {
      "mode": "managed",
      "type": "yandex_compute_instance",
      "name": "docker-vm",
      "provider": "provider[\"registry.terraform.io/yandex-cloud/yandex\"]",
      "instances": [
        {
          "schema_version": 1,
          "attributes": {
            "allow_recreate": null,
            "allow_stopping_for_update": null,
            "boot_disk": [
              {
                "auto_delete": true,
                "device_name": "fhmofg1uvr3ca1r60l7c",
                "disk_id": "fhmofg1uvr3ca1r60l7c",
                "initialize_params": [
                  {
                    "block_size": 4096,
                    "description": "",
                    "image_id": "fd80o2eikcn22b229tsa",
                    "name": "",
                    "size": 30,
                    "snapshot_id": "",
                    "type": "network-hdd"
                  }
                ],
                "mode": "READ_WRITE"
              }
            ],
            "created_at": "2023-01-18T09:23:59Z",
            "description": "",
            "filesystem": [],
            "folder_id": "b1guhc3e5if3hpdvi62v",
            "fqdn": "fhmu3bpnvqcm6044mc90.auto.internal",
            "hostname": "",
            "id": "fhmu3bpnvqcm6044mc90",
            "labels": {},
            "local_disk": [],
            "metadata": {
              "docker-container-declaration": "spec:\n  containers:\n  - image: cr.yandex/crp2kahcaklru9oas4ds/demo:v1\n    securityContext:\n      privileged: false\n    stdin: false\n    tty: false",
              "user-data": "#cloud-config\nusers:\n  - name: test\n    groups: sudo\n    shell: /bin/bash\n    sudo: ['ALL=(ALL) NOPASSWD:ALL']\n    ssh_authorized_keys:\n      - ssh-rsa AAAAB3NzaC1yc2EAAAADAQABAAABgQC9eSNQ7V52ZEq18ZJQz+43ZNECZJOtGDFP0XyxzdbOTgdy0XO4qaj4MNUpxiKf/PLgfNcwOFkJRdlBvr6zF0Q/wRdpiSVHYs58dr4+TjprtJ5MmG5t3qxvmERFdRbhOZnZweH9W0jUiWyX3TUV7b3Xt9Yo9GFkTD5XtnR7t69TIsLSDsElvQrrYrFUP/4uk1Uf4+8QGUIaiDhnjXG3rgLMTReu3m9s4yWemzjxbdZAmd8OuVatVwmjRg3UmYqs8JD2WP7S0uR5zicGU+hLU+sxUMMLIUKRjTS0aMGlU5NIuVWtRYF4d9pG73jxJZPi2/r+PCbOgouH94IzaehF/F2B3tpRSIJ8+KQ5JQqLdCpT85ghpMvMT0cyit1uzVD62aQrzy9R/TCepa32t/VUYHqOyMa7t+sot0lDEZ8SHycr9IqxG7nNd7GXbYPgcZQvRizCTyssuR1eep14kEO+q2Lgt6p+B6VBboGALbQfn3UEwICdoYXv4aQJiaIDeA9YIp8= dev@DESKTOP-09LNH0T"
            },
            "metadata_options": [
              {
                "aws_v1_http_endpoint": 1,
                "aws_v1_http_token": 1,
                "gce_http_endpoint": 1,
                "gce_http_token": 1
              }
            ],
            "name": "ubuntu",
            "network_acceleration_type": "standard",
            "network_interface": [
              {
                "dns_record": [],
                "index": 0,
                "ip_address": "192.168.1.22",
                "ipv4": true,
                "ipv6": false,
                "ipv6_address": "",
                "ipv6_dns_record": [],
                "mac_address": "d0:0d:1e:1a:f3:7f",
                "nat": true,
                "nat_dns_record": [],
                "nat_ip_address": "158.160.44.159",
                "nat_ip_version": "IPV4",
                "security_group_ids": [],
                "subnet_id": "e9bad8sfflf3kalc5s9b"
              }
            ],
            "placement_policy": [
              {
                "host_affinity_rules": [],
                "placement_group_id": ""
              }
            ],
            "platform_id": "standard-v3",
            "resources": [
              {
                "core_fraction": 100,
                "cores": 2,
                "gpus": 0,
                "memory": 2
              }
            ],
            "scheduling_policy": [
              {
                "preemptible": false
              }
            ],
            "secondary_disk": [],
            "service_account_id": "ajesh4d1h72qghglqran",
            "status": "running",
            "timeouts": null,
            "zone": "ru-central1-a"
          },
          "sensitive_attributes": [],
          "private": "eyJlMmJmYjczMC1lY2FhLTExZTYtOGY4OC0zNDM2M2JjN2M0YzAiOnsiY3JlYXRlIjozMDAwMDAwMDAwMDAsImRlbGV0ZSI6MzAwMDAwMDAwMDAwLCJ1cGRhdGUiOjMwMDAwMDAwMDAwMH0sInNjaGVtYV92ZXJzaW9uIjoiMSJ9",
          "dependencies": [
            "data.yandex_compute_image.container-optimized-image",
            "yandex_vpc_network.docker-vm-network",
            "yandex_vpc_subnet.docker-vm-network-subnet-a"
          ]
        }
      ]
    },
    {
      "mode": "managed",
      "type": "yandex_vpc_network",
      "name": "docker-vm-network",
      "provider": "provider[\"registry.terraform.io/yandex-cloud/yandex\"]",
      "instances": [
        {
          "schema_version": 0,
          "attributes": {
            "created_at": "2023-01-18T09:23:57Z",
            "default_security_group_id": "",
            "description": "",
            "folder_id": "b1guhc3e5if3hpdvi62v",
            "id": "enpqksvdkc27u8p8l70b",
            "labels": {},
            "name": "network1",
            "subnet_ids": [
              "e9bad8sfflf3kalc5s9b"
            ],
            "timeouts": null
          },
          "sensitive_attributes": [],
          "private": "eyJlMmJmYjczMC1lY2FhLTExZTYtOGY4OC0zNDM2M2JjN2M0YzAiOnsiY3JlYXRlIjo2MDAwMDAwMDAwMCwiZGVsZXRlIjo2MDAwMDAwMDAwMCwidXBkYXRlIjo2MDAwMDAwMDAwMH19"
        }
      ]
    },
    {
      "mode": "managed",
      "type": "yandex_vpc_subnet",
      "name": "docker-vm-network-subnet-a",
      "provider": "provider[\"registry.terraform.io/yandex-cloud/yandex\"]",
      "instances": [
        {
          "schema_version": 0,
          "attributes": {
            "created_at": "2023-01-18T09:23:58Z",
            "description": "",
            "dhcp_options": [],
            "folder_id": "b1guhc3e5if3hpdvi62v",
            "id": "e9bad8sfflf3kalc5s9b",
            "labels": {},
            "name": "subnet1",
            "network_id": "enpqksvdkc27u8p8l70b",
            "route_table_id": "",
            "timeouts": null,
            "v4_cidr_blocks": [
              "192.168.1.0/24"
            ],
            "v6_cidr_blocks": [],
            "zone": "ru-central1-a"
          },
          "sensitive_attributes": [],
          "private": "eyJlMmJmYjczMC1lY2FhLTExZTYtOGY4OC0zNDM2M2JjN2M0YzAiOnsiY3JlYXRlIjoxODAwMDAwMDAwMDAsImRlbGV0ZSI6MTgwMDAwMDAwMDAwLCJ1cGRhdGUiOjE4MDAwMDAwMDAwMH19",
          "dependencies": [
            "yandex_vpc_network.docker-vm-network"
          ]
        }
      ]
    }
  ],
  "check_results": null
}
